
Microsoft Visual Studio Solution File, Format Version 12.00
# Visual Studio Version 17
VisualStudioVersion = 17.0.31903.59
MinimumVisualStudioVersion = 10.0.40219.1
Project("{FAE04EC0-301F-11D3-BF4B-00C04F79EFBC}") = "api", "api\api.csproj", "{37AC7849-8761-4010-B5E6-3517A74030B1}"
EndProject
Project("{FAE04EC0-301F-11D3-BF4B-00C04F79EFBC}") = "api.test", "api.test\api.test.csproj", "{A5BE2A59-15D8-4CC9-994D-64CCDA0A45F9}"
EndProject
Global
	GlobalSection(SolutionConfigurationPlatforms) = preSolution
		Debug|Any CPU = Debug|Any CPU
		Release|Any CPU = Release|Any CPU
	EndGlobalSection
	GlobalSection(SolutionProperties) = preSolution
		HideSolutionNode = FALSE
	EndGlobalSection
	GlobalSection(ProjectConfigurationPlatforms) = postSolution
		{37AC7849-8761-4010-B5E6-3517A74030B1}.Debug|Any CPU.ActiveCfg = Debug|Any CPU
		{37AC7849-8761-4010-B5E6-3517A74030B1}.Debug|Any CPU.Build.0 = Debug|Any CPU
		{37AC7849-8761-4010-B5E6-3517A74030B1}.Release|Any CPU.ActiveCfg = Release|Any CPU
		{37AC7849-8761-4010-B5E6-3517A74030B1}.Release|Any CPU.Build.0 = Release|Any CPU
		{A5BE2A59-15D8-4CC9-994D-64CCDA0A45F9}.Debug|Any CPU.ActiveCfg = Debug|Any CPU
		{A5BE2A59-15D8-4CC9-994D-64CCDA0A45F9}.Debug|Any CPU.Build.0 = Debug|Any CPU
		{A5BE2A59-15D8-4CC9-994D-64CCDA0A45F9}.Release|Any CPU.ActiveCfg = Release|Any CPU
		{A5BE2A59-15D8-4CC9-994D-64CCDA0A45F9}.Release|Any CPU.Build.0 = Release|Any CPU
	EndGlobalSection
EndGlobal
